// !$*UTF8*$!
{
	archiveVersion = 1;
	classes = {
	};
	objectVersion = 56;
	objects = {

/* Begin PBXBuildFile section */
		042298082B3313A100D70043 /* TimerView.swift in Sources */ = {isa = PBXBuildFile; fileRef = 042298072B3313A100D70043 /* TimerView.swift */; };
		0422980A2B33146200D70043 /* StopwatchManager.swift in Sources */ = {isa = PBXBuildFile; fileRef = 042298092B33146200D70043 /* StopwatchManager.swift */; };
		044388C02B2A329D00D077C0 /* EmojiMemoryTheme.swift in Sources */ = {isa = PBXBuildFile; fileRef = 044388BF2B2A329D00D077C0 /* EmojiMemoryTheme.swift */; };
		044388C42B2B384100D077C0 /* EmojiMemoryThemeStore.swift in Sources */ = {isa = PBXBuildFile; fileRef = 044388C32B2B384100D077C0 /* EmojiMemoryThemeStore.swift */; };
		044388C82B2C8C1A00D077C0 /* ThemeList.swift in Sources */ = {isa = PBXBuildFile; fileRef = 044388C72B2C8C1A00D077C0 /* ThemeList.swift */; };
		04554F132B023511006E6913 /* MemorizeApp.swift in Sources */ = {isa = PBXBuildFile; fileRef = 04554F122B023511006E6913 /* MemorizeApp.swift */; };
		04554F152B023511006E6913 /* EmojiMemoryGameView.swift in Sources */ = {isa = PBXBuildFile; fileRef = 04554F142B023511006E6913 /* EmojiMemoryGameView.swift */; };
		04554F172B023513006E6913 /* Assets.xcassets in Resources */ = {isa = PBXBuildFile; fileRef = 04554F162B023513006E6913 /* Assets.xcassets */; };
		04554F1A2B023513006E6913 /* Preview Assets.xcassets in Resources */ = {isa = PBXBuildFile; fileRef = 04554F192B023513006E6913 /* Preview Assets.xcassets */; };
		04554F242B023513006E6913 /* MemorizeTests.swift in Sources */ = {isa = PBXBuildFile; fileRef = 04554F232B023513006E6913 /* MemorizeTests.swift */; };
		04554F2E2B023513006E6913 /* MemorizeUITests.swift in Sources */ = {isa = PBXBuildFile; fileRef = 04554F2D2B023513006E6913 /* MemorizeUITests.swift */; };
		04554F302B023513006E6913 /* MemorizeUITestsLaunchTests.swift in Sources */ = {isa = PBXBuildFile; fileRef = 04554F2F2B023513006E6913 /* MemorizeUITestsLaunchTests.swift */; };
		04554F3D2B023565006E6913 /* MemoryGame.swift in Sources */ = {isa = PBXBuildFile; fileRef = 04554F3C2B023565006E6913 /* MemoryGame.swift */; };
		04554F3F2B0280AB006E6913 /* EmojiMemoryGame.swift in Sources */ = {isa = PBXBuildFile; fileRef = 04554F3E2B0280AB006E6913 /* EmojiMemoryGame.swift */; };
		046011DC2B1F592C006E4F4D /* FlyingNumber.swift in Sources */ = {isa = PBXBuildFile; fileRef = 046011DB2B1F592C006E4F4D /* FlyingNumber.swift */; };
		04BD54322B16452700591CB0 /* AspectVGrid.swift in Sources */ = {isa = PBXBuildFile; fileRef = 04BD54312B16452700591CB0 /* AspectVGrid.swift */; };
		04BD54342B16489400591CB0 /* CardView.swift in Sources */ = {isa = PBXBuildFile; fileRef = 04BD54332B16489400591CB0 /* CardView.swift */; };
		04BD54362B164D8200591CB0 /* Pie.swift in Sources */ = {isa = PBXBuildFile; fileRef = 04BD54352B164D8200591CB0 /* Pie.swift */; };
		04BD54382B16551700591CB0 /* Cardify.swift in Sources */ = {isa = PBXBuildFile; fileRef = 04BD54372B16551700591CB0 /* Cardify.swift */; };
/* End PBXBuildFile section */

/* Begin PBXContainerItemProxy section */
		04554F202B023513006E6913 /* PBXContainerItemProxy */ = {
			isa = PBXContainerItemProxy;
			containerPortal = 04554F072B023510006E6913 /* Project object */;
			proxyType = 1;
			remoteGlobalIDString = 04554F0E2B023511006E6913;
			remoteInfo = Memorize;
		};
		04554F2A2B023513006E6913 /* PBXContainerItemProxy */ = {
			isa = PBXContainerItemProxy;
			containerPortal = 04554F072B023510006E6913 /* Project object */;
			proxyType = 1;
			remoteGlobalIDString = 04554F0E2B023511006E6913;
			remoteInfo = Memorize;
		};
/* End PBXContainerItemProxy section */

/* Begin PBXFileReference section */
		042298072B3313A100D70043 /* TimerView.swift */ = {isa = PBXFileReference; lastKnownFileType = sourcecode.swift; path = TimerView.swift; sourceTree = "<group>"; };
		042298092B33146200D70043 /* StopwatchManager.swift */ = {isa = PBXFileReference; lastKnownFileType = sourcecode.swift; path = StopwatchManager.swift; sourceTree = "<group>"; };
		044388BF2B2A329D00D077C0 /* EmojiMemoryTheme.swift */ = {isa = PBXFileReference; lastKnownFileType = sourcecode.swift; path = EmojiMemoryTheme.swift; sourceTree = "<group>"; };
		044388C32B2B384100D077C0 /* EmojiMemoryThemeStore.swift */ = {isa = PBXFileReference; lastKnownFileType = sourcecode.swift; path = EmojiMemoryThemeStore.swift; sourceTree = "<group>"; };
		044388C72B2C8C1A00D077C0 /* ThemeList.swift */ = {isa = PBXFileReference; lastKnownFileType = sourcecode.swift; path = ThemeList.swift; sourceTree = "<group>"; };
		04554F0F2B023511006E6913 /* Memorize.app */ = {isa = PBXFileReference; explicitFileType = wrapper.application; includeInIndex = 0; path = Memorize.app; sourceTree = BUILT_PRODUCTS_DIR; };
		04554F122B023511006E6913 /* MemorizeApp.swift */ = {isa = PBXFileReference; lastKnownFileType = sourcecode.swift; path = MemorizeApp.swift; sourceTree = "<group>"; };
		04554F142B023511006E6913 /* EmojiMemoryGameView.swift */ = {isa = PBXFileReference; lastKnownFileType = sourcecode.swift; path = EmojiMemoryGameView.swift; sourceTree = "<group>"; };
		04554F162B023513006E6913 /* Assets.xcassets */ = {isa = PBXFileReference; lastKnownFileType = folder.assetcatalog; path = Assets.xcassets; sourceTree = "<group>"; };
		04554F192B023513006E6913 /* Preview Assets.xcassets */ = {isa = PBXFileReference; lastKnownFileType = folder.assetcatalog; path = "Preview Assets.xcassets"; sourceTree = "<group>"; };
		04554F1F2B023513006E6913 /* MemorizeTests.xctest */ = {isa = PBXFileReference; explicitFileType = wrapper.cfbundle; includeInIndex = 0; path = MemorizeTests.xctest; sourceTree = BUILT_PRODUCTS_DIR; };
		04554F232B023513006E6913 /* MemorizeTests.swift */ = {isa = PBXFileReference; lastKnownFileType = sourcecode.swift; path = MemorizeTests.swift; sourceTree = "<group>"; };
		04554F292B023513006E6913 /* MemorizeUITests.xctest */ = {isa = PBXFileReference; explicitFileType = wrapper.cfbundle; includeInIndex = 0; path = MemorizeUITests.xctest; sourceTree = BUILT_PRODUCTS_DIR; };
		04554F2D2B023513006E6913 /* MemorizeUITests.swift */ = {isa = PBXFileReference; lastKnownFileType = sourcecode.swift; path = MemorizeUITests.swift; sourceTree = "<group>"; };
		04554F2F2B023513006E6913 /* MemorizeUITestsLaunchTests.swift */ = {isa = PBXFileReference; lastKnownFileType = sourcecode.swift; path = MemorizeUITestsLaunchTests.swift; sourceTree = "<group>"; };
		04554F3C2B023565006E6913 /* MemoryGame.swift */ = {isa = PBXFileReference; lastKnownFileType = sourcecode.swift; name = MemoryGame.swift; path = Assets.xcassets/MemoryGame.swift; sourceTree = "<group>"; };
		04554F3E2B0280AB006E6913 /* EmojiMemoryGame.swift */ = {isa = PBXFileReference; lastKnownFileType = sourcecode.swift; path = EmojiMemoryGame.swift; sourceTree = "<group>"; };
		046011DB2B1F592C006E4F4D /* FlyingNumber.swift */ = {isa = PBXFileReference; lastKnownFileType = sourcecode.swift; path = FlyingNumber.swift; sourceTree = "<group>"; };
		04BD54312B16452700591CB0 /* AspectVGrid.swift */ = {isa = PBXFileReference; lastKnownFileType = sourcecode.swift; path = AspectVGrid.swift; sourceTree = "<group>"; };
		04BD54332B16489400591CB0 /* CardView.swift */ = {isa = PBXFileReference; lastKnownFileType = sourcecode.swift; path = CardView.swift; sourceTree = "<group>"; };
		04BD54352B164D8200591CB0 /* Pie.swift */ = {isa = PBXFileReference; lastKnownFileType = sourcecode.swift; path = Pie.swift; sourceTree = "<group>"; };
		04BD54372B16551700591CB0 /* Cardify.swift */ = {isa = PBXFileReference; lastKnownFileType = sourcecode.swift; path = Cardify.swift; sourceTree = "<group>"; };
/* End PBXFileReference section */

/* Begin PBXFrameworksBuildPhase section */
		04554F0C2B023511006E6913 /* Frameworks */ = {
			isa = PBXFrameworksBuildPhase;
			buildActionMask = 2147483647;
			files = (
			);
			runOnlyForDeploymentPostprocessing = 0;
		};
		04554F1C2B023513006E6913 /* Frameworks */ = {
			isa = PBXFrameworksBuildPhase;
			buildActionMask = 2147483647;
			files = (
			);
			runOnlyForDeploymentPostprocessing = 0;
		};
		04554F262B023513006E6913 /* Frameworks */ = {
			isa = PBXFrameworksBuildPhase;
			buildActionMask = 2147483647;
			files = (
			);
			runOnlyForDeploymentPostprocessing = 0;
		};
/* End PBXFrameworksBuildPhase section */

/* Begin PBXGroup section */
		0420B24A2B30BCEF00817C4E /* Navigation */ = {
			isa = PBXGroup;
			children = (
				044388C32B2B384100D077C0 /* EmojiMemoryThemeStore.swift */,
				044388C72B2C8C1A00D077C0 /* ThemeList.swift */,
			);
			path = Navigation;
			sourceTree = "<group>";
		};
		0420B24B2B30BD2B00817C4E /* Card */ = {
			isa = PBXGroup;
			children = (
				04BD54312B16452700591CB0 /* AspectVGrid.swift */,
				046011DB2B1F592C006E4F4D /* FlyingNumber.swift */,
				04BD54372B16551700591CB0 /* Cardify.swift */,
				04BD54332B16489400591CB0 /* CardView.swift */,
				04BD54352B164D8200591CB0 /* Pie.swift */,
			);
			path = Card;
			sourceTree = "<group>";
		};
		04554F062B023510006E6913 = {
			isa = PBXGroup;
			children = (
				04554F112B023511006E6913 /* Memorize */,
				04554F222B023513006E6913 /* MemorizeTests */,
				04554F2C2B023513006E6913 /* MemorizeUITests */,
				04554F102B023511006E6913 /* Products */,
			);
			sourceTree = "<group>";
		};
		04554F102B023511006E6913 /* Products */ = {
			isa = PBXGroup;
			children = (
				04554F0F2B023511006E6913 /* Memorize.app */,
				04554F1F2B023513006E6913 /* MemorizeTests.xctest */,
				04554F292B023513006E6913 /* MemorizeUITests.xctest */,
			);
			name = Products;
			sourceTree = "<group>";
		};
		04554F112B023511006E6913 /* Memorize */ = {
			isa = PBXGroup;
			children = (
				0420B24B2B30BD2B00817C4E /* Card */,
				0420B24A2B30BCEF00817C4E /* Navigation */,
				04554F3C2B023565006E6913 /* MemoryGame.swift */,
				04554F3E2B0280AB006E6913 /* EmojiMemoryGame.swift */,
				044388BF2B2A329D00D077C0 /* EmojiMemoryTheme.swift */,
				04554F142B023511006E6913 /* EmojiMemoryGameView.swift */,
				042298072B3313A100D70043 /* TimerView.swift */,
				042298092B33146200D70043 /* StopwatchManager.swift */,
				04554F122B023511006E6913 /* MemorizeApp.swift */,
				04554F162B023513006E6913 /* Assets.xcassets */,
				04554F182B023513006E6913 /* Preview Content */,
			);
			path = Memorize;
			sourceTree = "<group>";
		};
		04554F182B023513006E6913 /* Preview Content */ = {
			isa = PBXGroup;
			children = (
				04554F192B023513006E6913 /* Preview Assets.xcassets */,
			);
			path = "Preview Content";
			sourceTree = "<group>";
		};
		04554F222B023513006E6913 /* MemorizeTests */ = {
			isa = PBXGroup;
			children = (
				04554F232B023513006E6913 /* MemorizeTests.swift */,
			);
			path = MemorizeTests;
			sourceTree = "<group>";
		};
		04554F2C2B023513006E6913 /* MemorizeUITests */ = {
			isa = PBXGroup;
			children = (
				04554F2D2B023513006E6913 /* MemorizeUITests.swift */,
				04554F2F2B023513006E6913 /* MemorizeUITestsLaunchTests.swift */,
			);
			path = MemorizeUITests;
			sourceTree = "<group>";
		};
/* End PBXGroup section */

/* Begin PBXNativeTarget section */
		04554F0E2B023511006E6913 /* Memorize */ = {
			isa = PBXNativeTarget;
			buildConfigurationList = 04554F332B023513006E6913 /* Build configuration list for PBXNativeTarget "Memorize" */;
			buildPhases = (
				04554F0B2B023511006E6913 /* Sources */,
				04554F0C2B023511006E6913 /* Frameworks */,
				04554F0D2B023511006E6913 /* Resources */,
			);
			buildRules = (
			);
			dependencies = (
			);
			name = Memorize;
			productName = Memorize;
			productReference = 04554F0F2B023511006E6913 /* Memorize.app */;
			productType = "com.apple.product-type.application";
		};
		04554F1E2B023513006E6913 /* MemorizeTests */ = {
			isa = PBXNativeTarget;
			buildConfigurationList = 04554F362B023513006E6913 /* Build configuration list for PBXNativeTarget "MemorizeTests" */;
			buildPhases = (
				04554F1B2B023513006E6913 /* Sources */,
				04554F1C2B023513006E6913 /* Frameworks */,
				04554F1D2B023513006E6913 /* Resources */,
			);
			buildRules = (
			);
			dependencies = (
				04554F212B023513006E6913 /* PBXTargetDependency */,
			);
			name = MemorizeTests;
			productName = MemorizeTests;
			productReference = 04554F1F2B023513006E6913 /* MemorizeTests.xctest */;
			productType = "com.apple.product-type.bundle.unit-test";
		};
		04554F282B023513006E6913 /* MemorizeUITests */ = {
			isa = PBXNativeTarget;
			buildConfigurationList = 04554F392B023513006E6913 /* Build configuration list for PBXNativeTarget "MemorizeUITests" */;
			buildPhases = (
				04554F252B023513006E6913 /* Sources */,
				04554F262B023513006E6913 /* Frameworks */,
				04554F272B023513006E6913 /* Resources */,
			);
			buildRules = (
			);
			dependencies = (
				04554F2B2B023513006E6913 /* PBXTargetDependency */,
			);
			name = MemorizeUITests;
			productName = MemorizeUITests;
			productReference = 04554F292B023513006E6913 /* MemorizeUITests.xctest */;
			productType = "com.apple.product-type.bundle.ui-testing";
		};
/* End PBXNativeTarget section */

/* Begin PBXProject section */
		04554F072B023510006E6913 /* Project object */ = {
			isa = PBXProject;
			attributes = {
				BuildIndependentTargetsInParallel = 1;
				LastSwiftUpdateCheck = 1500;
				LastUpgradeCheck = 1500;
				TargetAttributes = {
					04554F0E2B023511006E6913 = {
						CreatedOnToolsVersion = 15.0;
					};
					04554F1E2B023513006E6913 = {
						CreatedOnToolsVersion = 15.0;
						TestTargetID = 04554F0E2B023511006E6913;
					};
					04554F282B023513006E6913 = {
						CreatedOnToolsVersion = 15.0;
						TestTargetID = 04554F0E2B023511006E6913;
					};
				};
			};
			buildConfigurationList = 04554F0A2B023510006E6913 /* Build configuration list for PBXProject " " */;
			compatibilityVersion = "Xcode 14.0";
			developmentRegion = en;
			hasScannedForEncodings = 0;
			knownRegions = (
				en,
				Base,
			);
			mainGroup = 04554F062B023510006E6913;
			productRefGroup = 04554F102B023511006E6913 /* Products */;
			projectDirPath = "";
			projectRoot = "";
			targets = (
				04554F0E2B023511006E6913 /* Memorize */,
				04554F1E2B023513006E6913 /* MemorizeTests */,
				04554F282B023513006E6913 /* MemorizeUITests */,
			);
		};
/* End PBXProject section */

/* Begin PBXResourcesBuildPhase section */
		04554F0D2B023511006E6913 /* Resources */ = {
			isa = PBXResourcesBuildPhase;
			buildActionMask = 2147483647;
			files = (
				04554F1A2B023513006E6913 /* Preview Assets.xcassets in Resources */,
				04554F172B023513006E6913 /* Assets.xcassets in Resources */,
			);
			runOnlyForDeploymentPostprocessing = 0;
		};
		04554F1D2B023513006E6913 /* Resources */ = {
			isa = PBXResourcesBuildPhase;
			buildActionMask = 2147483647;
			files = (
			);
			runOnlyForDeploymentPostprocessing = 0;
		};
		04554F272B023513006E6913 /* Resources */ = {
			isa = PBXResourcesBuildPhase;
			buildActionMask = 2147483647;
			files = (
			);
			runOnlyForDeploymentPostprocessing = 0;
		};
/* End PBXResourcesBuildPhase section */

/* Begin PBXSourcesBuildPhase section */
		04554F0B2B023511006E6913 /* Sources */ = {
			isa = PBXSourcesBuildPhase;
			buildActionMask = 2147483647;
			files = (
				04554F152B023511006E6913 /* EmojiMemoryGameView.swift in Sources */,
				04554F3D2B023565006E6913 /* MemoryGame.swift in Sources */,
				046011DC2B1F592C006E4F4D /* FlyingNumber.swift in Sources */,
				0422980A2B33146200D70043 /* StopwatchManager.swift in Sources */,
				04BD54382B16551700591CB0 /* Cardify.swift in Sources */,
				044388C42B2B384100D077C0 /* EmojiMemoryThemeStore.swift in Sources */,
				042298082B3313A100D70043 /* TimerView.swift in Sources */,
				04554F132B023511006E6913 /* MemorizeApp.swift in Sources */,
				044388C02B2A329D00D077C0 /* EmojiMemoryTheme.swift in Sources */,
				04BD54322B16452700591CB0 /* AspectVGrid.swift in Sources */,
				044388C82B2C8C1A00D077C0 /* ThemeList.swift in Sources */,
				04BD54362B164D8200591CB0 /* Pie.swift in Sources */,
				04BD54342B16489400591CB0 /* CardView.swift in Sources */,
				04554F3F2B0280AB006E6913 /* EmojiMemoryGame.swift in Sources */,
			);
			runOnlyForDeploymentPostprocessing = 0;
		};
		04554F1B2B023513006E6913 /* Sources */ = {
			isa = PBXSourcesBuildPhase;
			buildActionMask = 2147483647;
			files = (
				04554F242B023513006E6913 /* MemorizeTests.swift in Sources */,
			);
			runOnlyForDeploymentPostprocessing = 0;
		};
		04554F252B023513006E6913 /* Sources */ = {
			isa = PBXSourcesBuildPhase;
			buildActionMask = 2147483647;
			files = (
				04554F302B023513006E6913 /* MemorizeUITestsLaunchTests.swift in Sources */,
				04554F2E2B023513006E6913 /* MemorizeUITests.swift in Sources */,
			);
			runOnlyForDeploymentPostprocessing = 0;
		};
/* End PBXSourcesBuildPhase section */

/* Begin PBXTargetDependency section */
		04554F212B023513006E6913 /* PBXTargetDependency */ = {
			isa = PBXTargetDependency;
			target = 04554F0E2B023511006E6913 /* Memorize */;
			targetProxy = 04554F202B023513006E6913 /* PBXContainerItemProxy */;
		};
		04554F2B2B023513006E6913 /* PBXTargetDependency */ = {
			isa = PBXTargetDependency;
			target = 04554F0E2B023511006E6913 /* Memorize */;
			targetProxy = 04554F2A2B023513006E6913 /* PBXContainerItemProxy */;
		};
/* End PBXTargetDependency section */

/* Begin XCBuildConfiguration section */
		04554F312B023513006E6913 /* Debug */ = {
			isa = XCBuildConfiguration;
			buildSettings = {
				ALWAYS_SEARCH_USER_PATHS = NO;
				ASSETCATALOG_COMPILER_GENERATE_SWIFT_ASSET_SYMBOL_EXTENSIONS = YES;
				CLANG_ANALYZER_NONNULL = YES;
				CLANG_ANALYZER_NUMBER_OBJECT_CONVERSION = YES_AGGRESSIVE;
				CLANG_CXX_LANGUAGE_STANDARD = "gnu++20";
				CLANG_ENABLE_MODULES = YES;
				CLANG_ENABLE_OBJC_ARC = YES;
				CLANG_ENABLE_OBJC_WEAK = YES;
				CLANG_WARN_BLOCK_CAPTURE_AUTORELEASING = YES;
				CLANG_WARN_BOOL_CONVERSION = YES;
				CLANG_WARN_COMMA = YES;
				CLANG_WARN_CONSTANT_CONVERSION = YES;
				CLANG_WARN_DEPRECATED_OBJC_IMPLEMENTATIONS = YES;
				CLANG_WARN_DIRECT_OBJC_ISA_USAGE = YES_ERROR;
				CLANG_WARN_DOCUMENTATION_COMMENTS = YES;
				CLANG_WARN_EMPTY_BODY = YES;
				CLANG_WARN_ENUM_CONVERSION = YES;
				CLANG_WARN_INFINITE_RECURSION = YES;
				CLANG_WARN_INT_CONVERSION = YES;
				CLANG_WARN_NON_LITERAL_NULL_CONVERSION = YES;
				CLANG_WARN_OBJC_IMPLICIT_RETAIN_SELF = YES;
				CLANG_WARN_OBJC_LITERAL_CONVERSION = YES;
				CLANG_WARN_OBJC_ROOT_CLASS = YES_ERROR;
				CLANG_WARN_QUOTED_INCLUDE_IN_FRAMEWORK_HEADER = YES;
				CLANG_WARN_RANGE_LOOP_ANALYSIS = YES;
				CLANG_WARN_STRICT_PROTOTYPES = YES;
				CLANG_WARN_SUSPICIOUS_MOVE = YES;
				CLANG_WARN_UNGUARDED_AVAILABILITY = YES_AGGRESSIVE;
				CLANG_WARN_UNREACHABLE_CODE = YES;
				CLANG_WARN__DUPLICATE_METHOD_MATCH = YES;
				COPY_PHASE_STRIP = NO;
				DEBUG_INFORMATION_FORMAT = dwarf;
				ENABLE_STRICT_OBJC_MSGSEND = YES;
				ENABLE_TESTABILITY = YES;
				ENABLE_USER_SCRIPT_SANDBOXING = YES;
				GCC_C_LANGUAGE_STANDARD = gnu17;
				GCC_DYNAMIC_NO_PIC = NO;
				GCC_NO_COMMON_BLOCKS = YES;
				GCC_OPTIMIZATION_LEVEL = 0;
				GCC_PREPROCESSOR_DEFINITIONS = (
					"DEBUG=1",
					"$(inherited)",
				);
				GCC_WARN_64_TO_32_BIT_CONVERSION = YES;
				GCC_WARN_ABOUT_RETURN_TYPE = YES_ERROR;
				GCC_WARN_UNDECLARED_SELECTOR = YES;
				GCC_WARN_UNINITIALIZED_AUTOS = YES_AGGRESSIVE;
				GCC_WARN_UNUSED_FUNCTION = YES;
				GCC_WARN_UNUSED_VARIABLE = YES;
				IPHONEOS_DEPLOYMENT_TARGET = 17.0;
				LOCALIZATION_PREFERS_STRING_CATALOGS = YES;
				MTL_ENABLE_DEBUG_INFO = INCLUDE_SOURCE;
				MTL_FAST_MATH = YES;
				ONLY_ACTIVE_ARCH = YES;
				SDKROOT = iphoneos;
				SWIFT_ACTIVE_COMPILATION_CONDITIONS = "DEBUG $(inherited)";
				SWIFT_OPTIMIZATION_LEVEL = "-Onone";
			};
			name = Debug;
		};
		04554F322B023513006E6913 /* Release */ = {
			isa = XCBuildConfiguration;
			buildSettings = {
				ALWAYS_SEARCH_USER_PATHS = NO;
				ASSETCATALOG_COMPILER_GENERATE_SWIFT_ASSET_SYMBOL_EXTENSIONS = YES;
				CLANG_ANALYZER_NONNULL = YES;
				CLANG_ANALYZER_NUMBER_OBJECT_CONVERSION = YES_AGGRESSIVE;
				CLANG_CXX_LANGUAGE_STANDARD = "gnu++20";
				CLANG_ENABLE_MODULES = YES;
				CLANG_ENABLE_OBJC_ARC = YES;
				CLANG_ENABLE_OBJC_WEAK = YES;
				CLANG_WARN_BLOCK_CAPTURE_AUTORELEASING = YES;
				CLANG_WARN_BOOL_CONVERSION = YES;
				CLANG_WARN_COMMA = YES;
				CLANG_WARN_CONSTANT_CONVERSION = YES;
				CLANG_WARN_DEPRECATED_OBJC_IMPLEMENTATIONS = YES;
				CLANG_WARN_DIRECT_OBJC_ISA_USAGE = YES_ERROR;
				CLANG_WARN_DOCUMENTATION_COMMENTS = YES;
				CLANG_WARN_EMPTY_BODY = YES;
				CLANG_WARN_ENUM_CONVERSION = YES;
				CLANG_WARN_INFINITE_RECURSION = YES;
				CLANG_WARN_INT_CONVERSION = YES;
				CLANG_WARN_NON_LITERAL_NULL_CONVERSION = YES;
				CLANG_WARN_OBJC_IMPLICIT_RETAIN_SELF = YES;
				CLANG_WARN_OBJC_LITERAL_CONVERSION = YES;
				CLANG_WARN_OBJC_ROOT_CLASS = YES_ERROR;
				CLANG_WARN_QUOTED_INCLUDE_IN_FRAMEWORK_HEADER = YES;
				CLANG_WARN_RANGE_LOOP_ANALYSIS = YES;
				CLANG_WARN_STRICT_PROTOTYPES = YES;
				CLANG_WARN_SUSPICIOUS_MOVE = YES;
				CLANG_WARN_UNGUARDED_AVAILABILITY = YES_AGGRESSIVE;
				CLANG_WARN_UNREACHABLE_CODE = YES;
				CLANG_WARN__DUPLICATE_METHOD_MATCH = YES;
				COPY_PHASE_STRIP = NO;
				DEBUG_INFORMATION_FORMAT = "dwarf-with-dsym";
				ENABLE_NS_ASSERTIONS = NO;
				ENABLE_STRICT_OBJC_MSGSEND = YES;
				ENABLE_USER_SCRIPT_SANDBOXING = YES;
				GCC_C_LANGUAGE_STANDARD = gnu17;
				GCC_NO_COMMON_BLOCKS = YES;
				GCC_WARN_64_TO_32_BIT_CONVERSION = YES;
				GCC_WARN_ABOUT_RETURN_TYPE = YES_ERROR;
				GCC_WARN_UNDECLARED_SELECTOR = YES;
				GCC_WARN_UNINITIALIZED_AUTOS = YES_AGGRESSIVE;
				GCC_WARN_UNUSED_FUNCTION = YES;
				GCC_WARN_UNUSED_VARIABLE = YES;
				IPHONEOS_DEPLOYMENT_TARGET = 17.0;
				LOCALIZATION_PREFERS_STRING_CATALOGS = YES;
				MTL_ENABLE_DEBUG_INFO = NO;
				MTL_FAST_MATH = YES;
				SDKROOT = iphoneos;
				SWIFT_COMPILATION_MODE = wholemodule;
				VALIDATE_PRODUCT = YES;
			};
			name = Release;
		};
		04554F342B023513006E6913 /* Debug */ = {
			isa = XCBuildConfiguration;
			buildSettings = {
				ASSETCATALOG_COMPILER_APPICON_NAME = AppIcon;
				ASSETCATALOG_COMPILER_GLOBAL_ACCENT_COLOR_NAME = AccentColor;
				CODE_SIGN_STYLE = Automatic;
				CURRENT_PROJECT_VERSION = 1;
				DEVELOPMENT_ASSET_PATHS = "\"Memorize/Preview Content\"";
				DEVELOPMENT_TEAM = ZR4XR5VH35;
				ENABLE_PREVIEWS = YES;
				GENERATE_INFOPLIST_FILE = YES;
				INFOPLIST_KEY_UIApplicationSceneManifest_Generation = YES;
				INFOPLIST_KEY_UIApplicationSupportsIndirectInputEvents = YES;
				INFOPLIST_KEY_UILaunchScreen_Generation = YES;
				INFOPLIST_KEY_UISupportedInterfaceOrientations = "UIInterfaceOrientationLandscapeLeft UIInterfaceOrientationLandscapeRight UIInterfaceOrientationPortrait UIInterfaceOrientationPortraitUpsideDown";
				IPHONEOS_DEPLOYMENT_TARGET = 16.5;
				LD_RUNPATH_SEARCH_PATHS = (
					"$(inherited)",
					"@executable_path/Frameworks",
				);
				MARKETING_VERSION = 1.0;
				PRODUCT_BUNDLE_IDENTIFIER = le.mvc.Memorize;
				PRODUCT_NAME = "$(TARGET_NAME)";
				SWIFT_EMIT_LOC_STRINGS = YES;
				SWIFT_VERSION = 5.0;
				TARGETED_DEVICE_FAMILY = "1,2";
			};
			name = Debug;
		};
		04554F352B023513006E6913 /* Release */ = {
			isa = XCBuildConfiguration;
			buildSettings = {
				ASSETCATALOG_COMPILER_APPICON_NAME = AppIcon;
				ASSETCATALOG_COMPILER_GLOBAL_ACCENT_COLOR_NAME = AccentColor;
				CODE_SIGN_STYLE = Automatic;
				CURRENT_PROJECT_VERSION = 1;
				DEVELOPMENT_ASSET_PATHS = "\"Memorize/Preview Content\"";
				DEVELOPMENT_TEAM = ZR4XR5VH35;
				ENABLE_PREVIEWS = YES;
				GENERATE_INFOPLIST_FILE = YES;
				INFOPLIST_KEY_UIApplicationSceneManifest_Generation = YES;
				INFOPLIST_KEY_UIApplicationSupportsIndirectInputEvents = YES;
				INFOPLIST_KEY_UILaunchScreen_Generation = YES;
				INFOPLIST_KEY_UISupportedInterfaceOrientations = "UIInterfaceOrientationLandscapeLeft UIInterfaceOrientationLandscapeRight UIInterfaceOrientationPortrait UIInterfaceOrientationPortraitUpsideDown";
				IPHONEOS_DEPLOYMENT_TARGET = 16.5;
				LD_RUNPATH_SEARCH_PATHS = (
					"$(inherited)",
					"@executable_path/Frameworks",
				);
				MARKETING_VERSION = 1.0;
				PRODUCT_BUNDLE_IDENTIFIER = le.mvc.Memorize;
				PRODUCT_NAME = "$(TARGET_NAME)";
				SWIFT_EMIT_LOC_STRINGS = YES;
				SWIFT_VERSION = 5.0;
				TARGETED_DEVICE_FAMILY = "1,2";
			};
			name = Release;
		};
		04554F372B023513006E6913 /* Debug */ = {
			isa = XCBuildConfiguration;
			buildSettings = {
				ALWAYS_EMBED_SWIFT_STANDARD_LIBRARIES = YES;
				BUNDLE_LOADER = "$(TEST_HOST)";
				CODE_SIGN_STYLE = Automatic;
				CURRENT_PROJECT_VERSION = 1;
				DEVELOPMENT_TEAM = ZR4XR5VH35;
				GENERATE_INFOPLIST_FILE = YES;
				IPHONEOS_DEPLOYMENT_TARGET = 17.0;
				MARKETING_VERSION = 1.0;
				PRODUCT_BUNDLE_IDENTIFIER = le.mvc.MemorizeTests;
				PRODUCT_NAME = "$(TARGET_NAME)";
				SWIFT_EMIT_LOC_STRINGS = NO;
				SWIFT_VERSION = 5.0;
				TARGETED_DEVICE_FAMILY = "1,2";
				TEST_HOST = "$(BUILT_PRODUCTS_DIR)/Memorize.app/$(BUNDLE_EXECUTABLE_FOLDER_PATH)/Memorize";
			};
			name = Debug;
		};
		04554F382B023513006E6913 /* Release */ = {
			isa = XCBuildConfiguration;
			buildSettings = {
				ALWAYS_EMBED_SWIFT_STANDARD_LIBRARIES = YES;
				BUNDLE_LOADER = "$(TEST_HOST)";
				CODE_SIGN_STYLE = Automatic;
				CURRENT_PROJECT_VERSION = 1;
				DEVELOPMENT_TEAM = ZR4XR5VH35;
				GENERATE_INFOPLIST_FILE = YES;
				IPHONEOS_DEPLOYMENT_TARGET = 17.0;
				MARKETING_VERSION = 1.0;
				PRODUCT_BUNDLE_IDENTIFIER = le.mvc.MemorizeTests;
				PRODUCT_NAME = "$(TARGET_NAME)";
				SWIFT_EMIT_LOC_STRINGS = NO;
				SWIFT_VERSION = 5.0;
				TARGETED_DEVICE_FAMILY = "1,2";
				TEST_HOST = "$(BUILT_PRODUCTS_DIR)/Memorize.app/$(BUNDLE_EXECUTABLE_FOLDER_PATH)/Memorize";
			};
			name = Release;
		};
		04554F3A2B023513006E6913 /* Debug */ = {
			isa = XCBuildConfiguration;
			buildSettings = {
				ALWAYS_EMBED_SWIFT_STANDARD_LIBRARIES = YES;
				CODE_SIGN_STYLE = Automatic;
				CURRENT_PROJECT_VERSION = 1;
				DEVELOPMENT_TEAM = ZR4XR5VH35;
				GENERATE_INFOPLIST_FILE = YES;
				MARKETING_VERSION = 1.0;
				PRODUCT_BUNDLE_IDENTIFIER = le.mvc.MemorizeUITests;
				PRODUCT_NAME = "$(TARGET_NAME)";
				SWIFT_EMIT_LOC_STRINGS = NO;
				SWIFT_VERSION = 5.0;
				TARGETED_DEVICE_FAMILY = "1,2";
				TEST_TARGET_NAME = Memorize;
			};
			name = Debug;
		};
		04554F3B2B023513006E6913 /* Release */ = {
			isa = XCBuildConfiguration;
			buildSettings = {
				ALWAYS_EMBED_SWIFT_STANDARD_LIBRARIES = YES;
				CODE_SIGN_STYLE = Automatic;
				CURRENT_PROJECT_VERSION = 1;
				DEVELOPMENT_TEAM = ZR4XR5VH35;
				GENERATE_INFOPLIST_FILE = YES;
				MARKETING_VERSION = 1.0;
				PRODUCT_BUNDLE_IDENTIFIER = le.mvc.MemorizeUITests;
				PRODUCT_NAME = "$(TARGET_NAME)";
				SWIFT_EMIT_LOC_STRINGS = NO;
				SWIFT_VERSION = 5.0;
				TARGETED_DEVICE_FAMILY = "1,2";
				TEST_TARGET_NAME = Memorize;
			};
			name = Release;
		};
/* End XCBuildConfiguration section */

/* Begin XCConfigurationList section */
		04554F0A2B023510006E6913 /* Build configuration list for PBXProject " " */ = {
			isa = XCConfigurationList;
			buildConfigurations = (
				04554F312B023513006E6913 /* Debug */,
				04554F322B023513006E6913 /* Release */,
			);
			defaultConfigurationIsVisible = 0;
			defaultConfigurationName = Release;
		};
		04554F332B023513006E6913 /* Build configuration list for PBXNativeTarget "Memorize" */ = {
			isa = XCConfigurationList;
			buildConfigurations = (
				04554F342B023513006E6913 /* Debug */,
				04554F352B023513006E6913 /* Release */,
			);
			defaultConfigurationIsVisible = 0;
			defaultConfigurationName = Release;
		};
		04554F362B023513006E6913 /* Build configuration list for PBXNativeTarget "MemorizeTests" */ = {
			isa = XCConfigurationList;
			buildConfigurations = (
				04554F372B023513006E6913 /* Debug */,
				04554F382B023513006E6913 /* Release */,
			);
			defaultConfigurationIsVisible = 0;
			defaultConfigurationName = Release;
		};
		04554F392B023513006E6913 /* Build configuration list for PBXNativeTarget "MemorizeUITests" */ = {
			isa = XCConfigurationList;
			buildConfigurations = (
				04554F3A2B023513006E6913 /* Debug */,
				04554F3B2B023513006E6913 /* Release */,
			);
			defaultConfigurationIsVisible = 0;
			defaultConfigurationName = Release;
		};
/* End XCConfigurationList section */
	};
	rootObject = 04554F072B023510006E6913 /* Project object */;
}
